{
  "version": 4,
  "terraform_version": "1.0.9",
  "serial": 39,
  "lineage": "098c9bbb-f519-34aa-f657-38de1d7f86dd",
  "outputs": {},
  "resources": [
    {
      "mode": "managed",
      "type": "docker_image",
      "name": "imagen",
      "provider": "provider[\"registry.terraform.io/kreuzwerker/docker\"]",
      "instances": [
        {
          "schema_version": 0,
          "attributes": {
            "build": [],
            "force_remove": null,
            "id": "sha256:1132a4fc88faaf5c19959f03535c1356d3004ced1978cb9c3f32e73d9c139532httpd:latest",
            "keep_locally": null,
            "latest": "sha256:1132a4fc88faaf5c19959f03535c1356d3004ced1978cb9c3f32e73d9c139532",
            "name": "httpd:latest",
            "output": null,
            "pull_trigger": null,
            "pull_triggers": null,
            "repo_digest": "httpd@sha256:f70876d78442771406d7245b8d3425e8b0a86891c79811af94fb2e12af0fadeb"
          },
          "sensitive_attributes": [],
          "private": "bnVsbA=="
        }
      ]
    }
  ]
}
